
Microsoft Visual Studio Solution File, Format Version 12.00
# Visual Studio 15
VisualStudioVersion = 15.0.27703.2018
MinimumVisualStudioVersion = 10.0.40219.1
Project("{FAE04EC0-301F-11D3-BF4B-00C04F79EFBC}") = "CustomList", "CustomList\CustomList.csproj", "{724C35D2-BACC-4321-BCBA-0B4F4BABF4BC}"
EndProject
Project("{FAE04EC0-301F-11D3-BF4B-00C04F79EFBC}") = "CustomListUnitTest", "CustomListUnitTest\CustomListUnitTest.csproj", "{732F37F3-27BE-4632-A9AA-FA3B63DD5474}"
EndProject
Global
	GlobalSection(SolutionConfigurationPlatforms) = preSolution
		Debug|Any CPU = Debug|Any CPU
		Release|Any CPU = Release|Any CPU
	EndGlobalSection
	GlobalSection(ProjectConfigurationPlatforms) = postSolution
		{724C35D2-BACC-4321-BCBA-0B4F4BABF4BC}.Debug|Any CPU.ActiveCfg = Debug|Any CPU
		{724C35D2-BACC-4321-BCBA-0B4F4BABF4BC}.Debug|Any CPU.Build.0 = Debug|Any CPU
		{724C35D2-BACC-4321-BCBA-0B4F4BABF4BC}.Release|Any CPU.ActiveCfg = Release|Any CPU
		{724C35D2-BACC-4321-BCBA-0B4F4BABF4BC}.Release|Any CPU.Build.0 = Release|Any CPU
		{732F37F3-27BE-4632-A9AA-FA3B63DD5474}.Debug|Any CPU.ActiveCfg = Debug|Any CPU
		{732F37F3-27BE-4632-A9AA-FA3B63DD5474}.Debug|Any CPU.Build.0 = Debug|Any CPU
		{732F37F3-27BE-4632-A9AA-FA3B63DD5474}.Release|Any CPU.ActiveCfg = Release|Any CPU
		{732F37F3-27BE-4632-A9AA-FA3B63DD5474}.Release|Any CPU.Build.0 = Release|Any CPU
	EndGlobalSection
	GlobalSection(SolutionProperties) = preSolution
		HideSolutionNode = FALSE
	EndGlobalSection
	GlobalSection(ExtensibilityGlobals) = postSolution
		SolutionGuid = {97A29F16-47ED-4D3F-B5E6-5FCFED726B51}
	EndGlobalSection
EndGlobal
